
Microsoft Visual Studio Solution File, Format Version 12.00
# Visual Studio Version 17
VisualStudioVersion = 17.14.36310.24 d17.14
MinimumVisualStudioVersion = 10.0.40219.1
Project("{FAE04EC0-301F-11D3-BF4B-00C04F79EFBC}") = "foundations-of-C#", "foundations-of-C#\foundations-of-C#.csproj", "{EF622676-B3F3-491E-A9ED-0937FC4DA2EC}"
EndProject
Global
	GlobalSection(SolutionConfigurationPlatforms) = preSolution
		Debug|Any CPU = Debug|Any CPU
		Release|Any CPU = Release|Any CPU
	EndGlobalSection
	GlobalSection(ProjectConfigurationPlatforms) = postSolution
		{EF622676-B3F3-491E-A9ED-0937FC4DA2EC}.Debug|Any CPU.ActiveCfg = Debug|Any CPU
		{EF622676-B3F3-491E-A9ED-0937FC4DA2EC}.Debug|Any CPU.Build.0 = Debug|Any CPU
		{EF622676-B3F3-491E-A9ED-0937FC4DA2EC}.Release|Any CPU.ActiveCfg = Release|Any CPU
		{EF622676-B3F3-491E-A9ED-0937FC4DA2EC}.Release|Any CPU.Build.0 = Release|Any CPU
	EndGlobalSection
	GlobalSection(SolutionProperties) = preSolution
		HideSolutionNode = FALSE
	EndGlobalSection
	GlobalSection(ExtensibilityGlobals) = postSolution
		SolutionGuid = {D139BC6F-1FE4-4942-B991-BFFEBD30DF17}
	EndGlobalSection
EndGlobal
