
Microsoft Visual Studio Solution File, Format Version 12.00
# Visual Studio Version 17
VisualStudioVersion = 17.14.36518.9 d17.14
MinimumVisualStudioVersion = 10.0.40219.1
Project("{FAE04EC0-301F-11D3-BF4B-00C04F79EFBC}") = "ExperimentWithControls", "ExperimentWithControls\ExperimentWithControls.csproj", "{A130315C-4C81-4294-88CD-1D68B75FB553}"
EndProject
Global
	GlobalSection(SolutionConfigurationPlatforms) = preSolution
		Debug|Any CPU = Debug|Any CPU
		Release|Any CPU = Release|Any CPU
	EndGlobalSection
	GlobalSection(ProjectConfigurationPlatforms) = postSolution
		{A130315C-4C81-4294-88CD-1D68B75FB553}.Debug|Any CPU.ActiveCfg = Debug|Any CPU
		{A130315C-4C81-4294-88CD-1D68B75FB553}.Debug|Any CPU.Build.0 = Debug|Any CPU
		{A130315C-4C81-4294-88CD-1D68B75FB553}.Release|Any CPU.ActiveCfg = Release|Any CPU
		{A130315C-4C81-4294-88CD-1D68B75FB553}.Release|Any CPU.Build.0 = Release|Any CPU
	EndGlobalSection
	GlobalSection(SolutionProperties) = preSolution
		HideSolutionNode = FALSE
	EndGlobalSection
	GlobalSection(ExtensibilityGlobals) = postSolution
		SolutionGuid = {14E3E2A7-B6B5-423B-8CAE-D20D6A26EEA2}
	EndGlobalSection
EndGlobal
